
Microsoft Visual Studio Solution File, Format Version 12.00
Project("{2150E333-8FDC-42A3-9474-1A3956D46DE8}") = "Demos", "Demos", "{5AC3D20D-AF7C-4C83-AB1F-96E9C9A2540F}"
EndProject
Project("{2150E333-8FDC-42A3-9474-1A3956D46DE8}") = "Packages", "Packages", "{105BFDE1-2FF5-4E0D-A2D7-A3C412FF7255}"
EndProject
Project("{2150E333-8FDC-42A3-9474-1A3956D46DE8}") = "GraphML.Parser", "GraphML.Parser", "{5D1CE972-3AB2-4899-B93E-6D55905169DB}"
EndProject
Project("{2150E333-8FDC-42A3-9474-1A3956D46DE8}") = "ThingsStore", "ThingsStore", "{885DFD2E-C868-41B9-ACF8-C2883EC9691C}"
EndProject
Project("{2150E333-8FDC-42A3-9474-1A3956D46DE8}") = "PatrickStar.MVU", "PatrickStar.MVU", "{00ED433A-061C-4419-A4F6-33CA170337BB}"
EndProject
Project("{2150E333-8FDC-42A3-9474-1A3956D46DE8}") = "Core", "Core", "{F94B28E8-D225-45E4-B084-D557830C6218}"
EndProject
Project("{2150E333-8FDC-42A3-9474-1A3956D46DE8}") = "Templates", "Templates", "{9316B805-79FC-4712-8D21-CE2BC9B3E6DF}"
EndProject
Project("{FAE04EC0-301F-11D3-BF4B-00C04F79EFBC}") = "Lagalike.Demo.MVU", "Templates\Lagalike.Demo.MVU\Lagalike.Demo.MVU\Lagalike.Demo.MVU.csproj", "{E6CE05F7-AFF6-432C-9679-9E71318297B6}"
EndProject
Project("{FAE04EC0-301F-11D3-BF4B-00C04F79EFBC}") = "Lagalike.Telegram", "Core\Lagalike.Telegram\Lagalike.Telegram.csproj", "{A2D017D8-120B-4F7C-8715-7F6337AF8AD7}"
EndProject
Project("{FAE04EC0-301F-11D3-BF4B-00C04F79EFBC}") = "Lagalike.Telegram.Shared", "Core\Lagalike.Telegram.Shared\Lagalike.Telegram.Shared.csproj", "{75A064B5-8E86-4581-8B55-509CA2C32E3D}"
EndProject
Project("{FAE04EC0-301F-11D3-BF4B-00C04F79EFBC}") = "Lagalike.Demo.DialogSystem", "Demos\Lagalike.Demo.DialogSystem\Lagalike.Demo.DialogSystem.csproj", "{70542A67-D542-43FE-A70D-836F7715EA0C}"
EndProject
Project("{FAE04EC0-301F-11D3-BF4B-00C04F79EFBC}") = "Lagalike.Demo.TestPatrickStar.MVU", "Demos\Lagalike.Demo.TestPatrickStar.MVU\Lagalike.Demo.TestPatrickStar.MVU.csproj", "{62466EDF-BF77-43E2-B91D-0A2791FE3F5B}"
EndProject
Project("{FAE04EC0-301F-11D3-BF4B-00C04F79EFBC}") = "Lagalike.Demo.ThingsStoreSystem", "Demos\Lagalike.Demo.ThingsStoreSystem\Lagalike.Demo.ThingsStoreSystem.csproj", "{CBE2515C-7FBB-464C-8589-10C3D768FDE0}"
EndProject
Project("{FAE04EC0-301F-11D3-BF4B-00C04F79EFBC}") = "Lagalike.GraphML.Parser.Tests", "Packages\Lagalike.GraphML.Parser.Tests\Lagalike.GraphML.Parser.Tests.csproj", "{B103453A-498B-467C-8A9E-82ED2DDCB8C5}"
EndProject
Project("{FAE04EC0-301F-11D3-BF4B-00C04F79EFBC}") = "Lagalike.GraphML.Parser", "Packages\Lagalike.GraphML.Parser\Lagalike.GraphML.Parser.csproj", "{32F370B5-6401-4863-9347-0E466E539F0C}"
EndProject
Project("{FAE04EC0-301F-11D3-BF4B-00C04F79EFBC}") = "PatrickStar.MVU", "Packages\PatrickStar.MVU\PatrickStar.MVU.csproj", "{B745B70D-C567-4584-908C-20A9017177B2}"
EndProject
Project("{FAE04EC0-301F-11D3-BF4B-00C04F79EFBC}") = "PatrickStar.MVU.Tests", "Packages\PatrickStar.MVU.Tests\PatrickStar.MVU.Tests.csproj", "{0010C267-3790-4690-92B6-9A45D69CF2D3}"
EndProject
Project("{FAE04EC0-301F-11D3-BF4B-00C04F79EFBC}") = "ThingsStore", "Packages\ThingsStore\ThingsStore.csproj", "{2E8632FB-6CF7-4DE7-B113-F83898F1E55B}"
EndProject
Project("{FAE04EC0-301F-11D3-BF4B-00C04F79EFBC}") = "ThingStore.Tests", "Packages\ThingStore.Tests\ThingStore.Tests.csproj", "{28CDA19A-4F65-46EC-A52C-98DC0D46BF28}"
EndProject
Project("{FAE04EC0-301F-11D3-BF4B-00C04F79EFBC}") = "Lagalike.Demo.ThingsStoreSystem.MVU", "Demos\Lagalike.Demo.ThingsStoreSystem.MVU\Lagalike.Demo.ThingsStoreSystem.MVU\Lagalike.Demo.ThingsStoreSystem.MVU.csproj", "{232F7E4C-05C1-4623-B566-FDB6128444F2}"
EndProject
Global
	GlobalSection(SolutionConfigurationPlatforms) = preSolution
		Debug|Any CPU = Debug|Any CPU
		Release|Any CPU = Release|Any CPU
	EndGlobalSection
	GlobalSection(ProjectConfigurationPlatforms) = postSolution
		{E6CE05F7-AFF6-432C-9679-9E71318297B6}.Debug|Any CPU.ActiveCfg = Debug|Any CPU
		{E6CE05F7-AFF6-432C-9679-9E71318297B6}.Debug|Any CPU.Build.0 = Debug|Any CPU
		{E6CE05F7-AFF6-432C-9679-9E71318297B6}.Release|Any CPU.ActiveCfg = Release|Any CPU
		{E6CE05F7-AFF6-432C-9679-9E71318297B6}.Release|Any CPU.Build.0 = Release|Any CPU
		{A2D017D8-120B-4F7C-8715-7F6337AF8AD7}.Debug|Any CPU.ActiveCfg = Debug|Any CPU
		{A2D017D8-120B-4F7C-8715-7F6337AF8AD7}.Debug|Any CPU.Build.0 = Debug|Any CPU
		{A2D017D8-120B-4F7C-8715-7F6337AF8AD7}.Release|Any CPU.ActiveCfg = Release|Any CPU
		{A2D017D8-120B-4F7C-8715-7F6337AF8AD7}.Release|Any CPU.Build.0 = Release|Any CPU
		{75A064B5-8E86-4581-8B55-509CA2C32E3D}.Debug|Any CPU.ActiveCfg = Debug|Any CPU
		{75A064B5-8E86-4581-8B55-509CA2C32E3D}.Debug|Any CPU.Build.0 = Debug|Any CPU
		{75A064B5-8E86-4581-8B55-509CA2C32E3D}.Release|Any CPU.ActiveCfg = Release|Any CPU
		{75A064B5-8E86-4581-8B55-509CA2C32E3D}.Release|Any CPU.Build.0 = Release|Any CPU
		{70542A67-D542-43FE-A70D-836F7715EA0C}.Debug|Any CPU.ActiveCfg = Debug|Any CPU
		{70542A67-D542-43FE-A70D-836F7715EA0C}.Debug|Any CPU.Build.0 = Debug|Any CPU
		{70542A67-D542-43FE-A70D-836F7715EA0C}.Release|Any CPU.ActiveCfg = Release|Any CPU
		{70542A67-D542-43FE-A70D-836F7715EA0C}.Release|Any CPU.Build.0 = Release|Any CPU
		{62466EDF-BF77-43E2-B91D-0A2791FE3F5B}.Debug|Any CPU.ActiveCfg = Debug|Any CPU
		{62466EDF-BF77-43E2-B91D-0A2791FE3F5B}.Debug|Any CPU.Build.0 = Debug|Any CPU
		{62466EDF-BF77-43E2-B91D-0A2791FE3F5B}.Release|Any CPU.ActiveCfg = Release|Any CPU
		{62466EDF-BF77-43E2-B91D-0A2791FE3F5B}.Release|Any CPU.Build.0 = Release|Any CPU
		{CBE2515C-7FBB-464C-8589-10C3D768FDE0}.Debug|Any CPU.ActiveCfg = Debug|Any CPU
		{CBE2515C-7FBB-464C-8589-10C3D768FDE0}.Debug|Any CPU.Build.0 = Debug|Any CPU
		{CBE2515C-7FBB-464C-8589-10C3D768FDE0}.Release|Any CPU.ActiveCfg = Release|Any CPU
		{CBE2515C-7FBB-464C-8589-10C3D768FDE0}.Release|Any CPU.Build.0 = Release|Any CPU
		{B103453A-498B-467C-8A9E-82ED2DDCB8C5}.Debug|Any CPU.ActiveCfg = Debug|Any CPU
		{B103453A-498B-467C-8A9E-82ED2DDCB8C5}.Debug|Any CPU.Build.0 = Debug|Any CPU
		{B103453A-498B-467C-8A9E-82ED2DDCB8C5}.Release|Any CPU.ActiveCfg = Release|Any CPU
		{B103453A-498B-467C-8A9E-82ED2DDCB8C5}.Release|Any CPU.Build.0 = Release|Any CPU
		{32F370B5-6401-4863-9347-0E466E539F0C}.Debug|Any CPU.ActiveCfg = Debug|Any CPU
		{32F370B5-6401-4863-9347-0E466E539F0C}.Debug|Any CPU.Build.0 = Debug|Any CPU
		{32F370B5-6401-4863-9347-0E466E539F0C}.Release|Any CPU.ActiveCfg = Release|Any CPU
		{32F370B5-6401-4863-9347-0E466E539F0C}.Release|Any CPU.Build.0 = Release|Any CPU
		{B745B70D-C567-4584-908C-20A9017177B2}.Debug|Any CPU.ActiveCfg = Debug|Any CPU
		{B745B70D-C567-4584-908C-20A9017177B2}.Debug|Any CPU.Build.0 = Debug|Any CPU
		{B745B70D-C567-4584-908C-20A9017177B2}.Release|Any CPU.ActiveCfg = Release|Any CPU
		{B745B70D-C567-4584-908C-20A9017177B2}.Release|Any CPU.Build.0 = Release|Any CPU
		{0010C267-3790-4690-92B6-9A45D69CF2D3}.Debug|Any CPU.ActiveCfg = Debug|Any CPU
		{0010C267-3790-4690-92B6-9A45D69CF2D3}.Debug|Any CPU.Build.0 = Debug|Any CPU
		{0010C267-3790-4690-92B6-9A45D69CF2D3}.Release|Any CPU.ActiveCfg = Release|Any CPU
		{0010C267-3790-4690-92B6-9A45D69CF2D3}.Release|Any CPU.Build.0 = Release|Any CPU
		{2E8632FB-6CF7-4DE7-B113-F83898F1E55B}.Debug|Any CPU.ActiveCfg = Debug|Any CPU
		{2E8632FB-6CF7-4DE7-B113-F83898F1E55B}.Debug|Any CPU.Build.0 = Debug|Any CPU
		{2E8632FB-6CF7-4DE7-B113-F83898F1E55B}.Release|Any CPU.ActiveCfg = Release|Any CPU
		{2E8632FB-6CF7-4DE7-B113-F83898F1E55B}.Release|Any CPU.Build.0 = Release|Any CPU
		{28CDA19A-4F65-46EC-A52C-98DC0D46BF28}.Debug|Any CPU.ActiveCfg = Debug|Any CPU
		{28CDA19A-4F65-46EC-A52C-98DC0D46BF28}.Debug|Any CPU.Build.0 = Debug|Any CPU
		{28CDA19A-4F65-46EC-A52C-98DC0D46BF28}.Release|Any CPU.ActiveCfg = Release|Any CPU
		{28CDA19A-4F65-46EC-A52C-98DC0D46BF28}.Release|Any CPU.Build.0 = Release|Any CPU
		{232F7E4C-05C1-4623-B566-FDB6128444F2}.Debug|Any CPU.ActiveCfg = Debug|Any CPU
		{232F7E4C-05C1-4623-B566-FDB6128444F2}.Debug|Any CPU.Build.0 = Debug|Any CPU
		{232F7E4C-05C1-4623-B566-FDB6128444F2}.Release|Any CPU.ActiveCfg = Release|Any CPU
		{232F7E4C-05C1-4623-B566-FDB6128444F2}.Release|Any CPU.Build.0 = Release|Any CPU
	EndGlobalSection
	GlobalSection(NestedProjects) = preSolution
		{5D1CE972-3AB2-4899-B93E-6D55905169DB} = {105BFDE1-2FF5-4E0D-A2D7-A3C412FF7255}
		{885DFD2E-C868-41B9-ACF8-C2883EC9691C} = {105BFDE1-2FF5-4E0D-A2D7-A3C412FF7255}
		{00ED433A-061C-4419-A4F6-33CA170337BB} = {105BFDE1-2FF5-4E0D-A2D7-A3C412FF7255}
		{E6CE05F7-AFF6-432C-9679-9E71318297B6} = {9316B805-79FC-4712-8D21-CE2BC9B3E6DF}
		{A2D017D8-120B-4F7C-8715-7F6337AF8AD7} = {F94B28E8-D225-45E4-B084-D557830C6218}
		{75A064B5-8E86-4581-8B55-509CA2C32E3D} = {F94B28E8-D225-45E4-B084-D557830C6218}
		{70542A67-D542-43FE-A70D-836F7715EA0C} = {5AC3D20D-AF7C-4C83-AB1F-96E9C9A2540F}
		{62466EDF-BF77-43E2-B91D-0A2791FE3F5B} = {5AC3D20D-AF7C-4C83-AB1F-96E9C9A2540F}
		{CBE2515C-7FBB-464C-8589-10C3D768FDE0} = {5AC3D20D-AF7C-4C83-AB1F-96E9C9A2540F}
		{B103453A-498B-467C-8A9E-82ED2DDCB8C5} = {5D1CE972-3AB2-4899-B93E-6D55905169DB}
		{32F370B5-6401-4863-9347-0E466E539F0C} = {5D1CE972-3AB2-4899-B93E-6D55905169DB}
		{B745B70D-C567-4584-908C-20A9017177B2} = {00ED433A-061C-4419-A4F6-33CA170337BB}
		{0010C267-3790-4690-92B6-9A45D69CF2D3} = {00ED433A-061C-4419-A4F6-33CA170337BB}
		{2E8632FB-6CF7-4DE7-B113-F83898F1E55B} = {885DFD2E-C868-41B9-ACF8-C2883EC9691C}
		{28CDA19A-4F65-46EC-A52C-98DC0D46BF28} = {885DFD2E-C868-41B9-ACF8-C2883EC9691C}
		{232F7E4C-05C1-4623-B566-FDB6128444F2} = {5AC3D20D-AF7C-4C83-AB1F-96E9C9A2540F}
	EndGlobalSection
EndGlobal
